// !$*UTF8*$!
{
	archiveVersion = 1;
	classes = {
	};
	objectVersion = 46;
	objects = {

/* Begin PBXBuildFile section */
		F4047A6819630A8000569C15 /* NumberViewCell.m in Sources */ = {isa = PBXBuildFile; fileRef = F4047A6719630A8000569C15 /* NumberViewCell.m */; };
		F4047A6C196479E200569C15 /* monster_icons in Resources */ = {isa = PBXBuildFile; fileRef = F4047A6B196479E200569C15 /* monster_icons */; };
		F4047A6F19648D7D00569C15 /* CropImageViewController.m in Sources */ = {isa = PBXBuildFile; fileRef = F4047A6E19648D7D00569C15 /* CropImageViewController.m */; };
		F4047A7219654E7A00569C15 /* CropRectangleView.m in Sources */ = {isa = PBXBuildFile; fileRef = F4047A7119654E7A00569C15 /* CropRectangleView.m */; };
		F40798991949B70900CCCC88 /* BillRevisionTableViewController.m in Sources */ = {isa = PBXBuildFile; fileRef = F40798981949B70900CCCC88 /* BillRevisionTableViewController.m */; };
		F407989C1949CF0F00CCCC88 /* EditableItem.m in Sources */ = {isa = PBXBuildFile; fileRef = F407989B1949CF0F00CCCC88 /* EditableItem.m */; };
		F407989F1949DC7E00CCCC88 /* ItemEditingViewController.m in Sources */ = {isa = PBXBuildFile; fileRef = F407989E1949DC7E00CCCC88 /* ItemEditingViewController.m */; };
		F40798A2194B1A1500CCCC88 /* ViewHelper.m in Sources */ = {isa = PBXBuildFile; fileRef = F40798A1194B1A1500CCCC88 /* ViewHelper.m */; };
		F41A461A194EEFCB0075174D /* iconImageBill.png in Resources */ = {isa = PBXBuildFile; fileRef = F41A4619194EEFCB0075174D /* iconImageBill.png */; };
		F41A461E194EF8750075174D /* exampleBillPicture2.png in Resources */ = {isa = PBXBuildFile; fileRef = F41A461D194EF8750075174D /* exampleBillPicture2.png */; };
		F421B4DC193C71F20004FB6E /* PersonCircleView.m in Sources */ = {isa = PBXBuildFile; fileRef = F421B4DB193C71F20004FB6E /* PersonCircleView.m */; };
		F42EC84E1934AB33009798B5 /* BillSplitSwipeViewController.m in Sources */ = {isa = PBXBuildFile; fileRef = F42EC84D1934AB33009798B5 /* BillSplitSwipeViewController.m */; };
		F42EC8541934ACB5009798B5 /* SwipeArticleView.m in Sources */ = {isa = PBXBuildFile; fileRef = F42EC8531934ACB5009798B5 /* SwipeArticleView.m */; };
		F42EC8571934B0C6009798B5 /* BillSplitViewController.m in Sources */ = {isa = PBXBuildFile; fileRef = F42EC8561934B0C6009798B5 /* BillSplitViewController.m */; };
		F4311EA919583F5800B6332A /* DETAnimatedTransitioning.m in Sources */ = {isa = PBXBuildFile; fileRef = F4311EA819583F5800B6332A /* DETAnimatedTransitioning.m */; };
		F4311EAF195963D600B6332A /* PersonArticleTableViewController.m in Sources */ = {isa = PBXBuildFile; fileRef = F4311EAE195963D600B6332A /* PersonArticleTableViewController.m */; };
		F4311EB219596BBB00B6332A /* ArticleListTableViewCell.m in Sources */ = {isa = PBXBuildFile; fileRef = F4311EB119596BBB00B6332A /* ArticleListTableViewCell.m */; };
		F4311EB5195970F800B6332A /* ArticleListTableView.m in Sources */ = {isa = PBXBuildFile; fileRef = F4311EB4195970F800B6332A /* ArticleListTableView.m */; };
		F4311EB81959C2A800B6332A /* BillSplitCollectionViewController.m in Sources */ = {isa = PBXBuildFile; fileRef = F4311EB71959C2A800B6332A /* BillSplitCollectionViewController.m */; };
		F4311EBB1959D0DD00B6332A /* ItemSectionHeader.m in Sources */ = {isa = PBXBuildFile; fileRef = F4311EBA1959D0DD00B6332A /* ItemSectionHeader.m */; };
		F4311EBE1959E02900B6332A /* ItemCollectionViewCell.m in Sources */ = {isa = PBXBuildFile; fileRef = F4311EBD1959E02900B6332A /* ItemCollectionViewCell.m */; };
		F43CBB1B197A8BD3001A848A /* BillTextToBillObjectConverter.m in Sources */ = {isa = PBXBuildFile; fileRef = F43CBB1A197A8BD3001A848A /* BillTextToBillObjectConverter.m */; };
		F44BBC5519A1181E002311FE /* DefinedColors.m in Sources */ = {isa = PBXBuildFile; fileRef = F44BBC5419A1181E002311FE /* DefinedColors.m */; };
		F4744C07197EB30100A55A8A /* NormalizableImage.m in Sources */ = {isa = PBXBuildFile; fileRef = F4744C06197EB30100A55A8A /* NormalizableImage.m */; };
		F4744C0A19851D4D00A55A8A /* CropCircle.m in Sources */ = {isa = PBXBuildFile; fileRef = F4744C0919851D4D00A55A8A /* CropCircle.m */; };
		F4744C0D19864D5000A55A8A /* beerIcon.png in Resources */ = {isa = PBXBuildFile; fileRef = F4744C0B19864D5000A55A8A /* beerIcon.png */; };
		F4744C0E19864D5000A55A8A /* waterIcon.png in Resources */ = {isa = PBXBuildFile; fileRef = F4744C0C19864D5000A55A8A /* waterIcon.png */; };
		F4744C1B198D252900A55A8A /* arrowDownIcon.png in Resources */ = {isa = PBXBuildFile; fileRef = F4744C1A198D252900A55A8A /* arrowDownIcon.png */; };
		F4744C1F198D271B00A55A8A /* arrowUpIcon.png in Resources */ = {isa = PBXBuildFile; fileRef = F4744C1E198D271B00A55A8A /* arrowUpIcon.png */; };
		F4881BF2199E4516005ACA2F /* BillSplitCustomViewController.m in Sources */ = {isa = PBXBuildFile; fileRef = F4881BF1199E4516005ACA2F /* BillSplitCustomViewController.m */; };
		F4881BF5199E4FA0005ACA2F /* PersonCustomView.m in Sources */ = {isa = PBXBuildFile; fileRef = F4881BF4199E4FA0005ACA2F /* PersonCustomView.m */; };
		F4881BF8199E527E005ACA2F /* ItemCustomView.m in Sources */ = {isa = PBXBuildFile; fileRef = F4881BF7199E527E005ACA2F /* ItemCustomView.m */; };
		F4DE2A651932042A0043CCE2 /* NumOfPeopleViewController.m in Sources */ = {isa = PBXBuildFile; fileRef = F4DE2A641932042A0043CCE2 /* NumOfPeopleViewController.m */; };
		F4DE2A68193347BA0043CCE2 /* PersonArticleCollectionViewController.m in Sources */ = {isa = PBXBuildFile; fileRef = F4DE2A67193347BA0043CCE2 /* PersonArticleCollectionViewController.m */; };
		F4DE2A6B19336FAE0043CCE2 /* ArticleListTextView.m in Sources */ = {isa = PBXBuildFile; fileRef = F4DE2A6A19336FAE0043CCE2 /* ArticleListTextView.m */; };
		F4DE2A71193370E40043CCE2 /* ArticleListCollectionViewCell.m in Sources */ = {isa = PBXBuildFile; fileRef = F4DE2A70193370E40043CCE2 /* ArticleListCollectionViewCell.m */; };
		F4E775C71919430F0036FEB5 /* Bill.m in Sources */ = {isa = PBXBuildFile; fileRef = F4E775C61919430F0036FEB5 /* Bill.m */; };
		F4E775CA19194B140036FEB5 /* Item.m in Sources */ = {isa = PBXBuildFile; fileRef = F4E775C919194B140036FEB5 /* Item.m */; };
		F4E775CD191F9B270036FEB5 /* BillSplitTableViewController.m in Sources */ = {isa = PBXBuildFile; fileRef = F4E775CC191F9B270036FEB5 /* BillSplitTableViewController.m */; };
		F4E775D9191FCF8E0036FEB5 /* BillTableView.m in Sources */ = {isa = PBXBuildFile; fileRef = F4E775D8191FCF8E0036FEB5 /* BillTableView.m */; };
		F4E775DC191FCFAB0036FEB5 /* PersonTableView.m in Sources */ = {isa = PBXBuildFile; fileRef = F4E775DB191FCFAB0036FEB5 /* PersonTableView.m */; };
		F4F2666B1915134E001D0F93 /* Foundation.framework in Frameworks */ = {isa = PBXBuildFile; fileRef = F4F2666A1915134E001D0F93 /* Foundation.framework */; };
		F4F2666D1915134E001D0F93 /* CoreGraphics.framework in Frameworks */ = {isa = PBXBuildFile; fileRef = F4F2666C1915134E001D0F93 /* CoreGraphics.framework */; };
		F4F2666F1915134E001D0F93 /* UIKit.framework in Frameworks */ = {isa = PBXBuildFile; fileRef = F4F2666E1915134E001D0F93 /* UIKit.framework */; };
		F4F266751915134E001D0F93 /* InfoPlist.strings in Resources */ = {isa = PBXBuildFile; fileRef = F4F266731915134E001D0F93 /* InfoPlist.strings */; };
		F4F266771915134E001D0F93 /* main.m in Sources */ = {isa = PBXBuildFile; fileRef = F4F266761915134E001D0F93 /* main.m */; };
		F4F2667B1915134E001D0F93 /* BillReaderAppDelegate.m in Sources */ = {isa = PBXBuildFile; fileRef = F4F2667A1915134E001D0F93 /* BillReaderAppDelegate.m */; };
		F4F2667E1915134E001D0F93 /* Main_iPhone.storyboard in Resources */ = {isa = PBXBuildFile; fileRef = F4F2667C1915134E001D0F93 /* Main_iPhone.storyboard */; };
		F4F266811915134E001D0F93 /* Main_iPad.storyboard in Resources */ = {isa = PBXBuildFile; fileRef = F4F2667F1915134E001D0F93 /* Main_iPad.storyboard */; };
		F4F266841915134E001D0F93 /* BillReaderViewController.m in Sources */ = {isa = PBXBuildFile; fileRef = F4F266831915134E001D0F93 /* BillReaderViewController.m */; };
		F4F266861915134E001D0F93 /* Images.xcassets in Resources */ = {isa = PBXBuildFile; fileRef = F4F266851915134E001D0F93 /* Images.xcassets */; };
		F4F2668D1915134E001D0F93 /* XCTest.framework in Frameworks */ = {isa = PBXBuildFile; fileRef = F4F2668C1915134E001D0F93 /* XCTest.framework */; };
		F4F2668E1915134E001D0F93 /* Foundation.framework in Frameworks */ = {isa = PBXBuildFile; fileRef = F4F2666A1915134E001D0F93 /* Foundation.framework */; };
		F4F2668F1915134E001D0F93 /* UIKit.framework in Frameworks */ = {isa = PBXBuildFile; fileRef = F4F2666E1915134E001D0F93 /* UIKit.framework */; };
		F4F266971915134E001D0F93 /* InfoPlist.strings in Resources */ = {isa = PBXBuildFile; fileRef = F4F266951915134E001D0F93 /* InfoPlist.strings */; };
		F4F266991915134E001D0F93 /* BillReaderTests.m in Sources */ = {isa = PBXBuildFile; fileRef = F4F266981915134E001D0F93 /* BillReaderTests.m */; };
		F4F266A31915147E001D0F93 /* TesseractOCR.framework in Frameworks */ = {isa = PBXBuildFile; fileRef = F4F266A21915147E001D0F93 /* TesseractOCR.framework */; };
		F4F266A5191515C3001D0F93 /* libstdc++.6.0.9.dylib in Frameworks */ = {isa = PBXBuildFile; fileRef = F4F266A4191515C3001D0F93 /* libstdc++.6.0.9.dylib */; };
		F4F266B0191517D1001D0F93 /* tessdata in Resources */ = {isa = PBXBuildFile; fileRef = F4F266AF191517D1001D0F93 /* tessdata */; };
		F4F266B219151945001D0F93 /* rechnung1.jpg in Resources */ = {isa = PBXBuildFile; fileRef = F4F266B119151945001D0F93 /* rechnung1.jpg */; };
		F4F266B419152712001D0F93 /* rechnung2.jpg in Resources */ = {isa = PBXBuildFile; fileRef = F4F266B319152712001D0F93 /* rechnung2.jpg */; };
/* End PBXBuildFile section */

/* Begin PBXContainerItemProxy section */
		F4F266901915134E001D0F93 /* PBXContainerItemProxy */ = {
			isa = PBXContainerItemProxy;
			containerPortal = F4F2665F1915134E001D0F93 /* Project object */;
			proxyType = 1;
			remoteGlobalIDString = F4F266661915134E001D0F93;
			remoteInfo = BillReader;
		};
/* End PBXContainerItemProxy section */

/* Begin PBXFileReference section */
		F4047A6619630A8000569C15 /* NumberViewCell.h */ = {isa = PBXFileReference; fileEncoding = 4; lastKnownFileType = sourcecode.c.h; path = NumberViewCell.h; sourceTree = "<group>"; };
		F4047A6719630A8000569C15 /* NumberViewCell.m */ = {isa = PBXFileReference; fileEncoding = 4; lastKnownFileType = sourcecode.c.objc; path = NumberViewCell.m; sourceTree = "<group>"; };
		F4047A6B196479E200569C15 /* monster_icons */ = {isa = PBXFileReference; lastKnownFileType = folder; path = monster_icons; sourceTree = "<group>"; };
		F4047A6D19648D7D00569C15 /* CropImageViewController.h */ = {isa = PBXFileReference; fileEncoding = 4; lastKnownFileType = sourcecode.c.h; path = CropImageViewController.h; sourceTree = "<group>"; };
		F4047A6E19648D7D00569C15 /* CropImageViewController.m */ = {isa = PBXFileReference; fileEncoding = 4; lastKnownFileType = sourcecode.c.objc; path = CropImageViewController.m; sourceTree = "<group>"; };
		F4047A7019654E7A00569C15 /* CropRectangleView.h */ = {isa = PBXFileReference; fileEncoding = 4; lastKnownFileType = sourcecode.c.h; path = CropRectangleView.h; sourceTree = "<group>"; };
		F4047A7119654E7A00569C15 /* CropRectangleView.m */ = {isa = PBXFileReference; fileEncoding = 4; lastKnownFileType = sourcecode.c.objc; path = CropRectangleView.m; sourceTree = "<group>"; };
		F40798971949B70900CCCC88 /* BillRevisionTableViewController.h */ = {isa = PBXFileReference; fileEncoding = 4; lastKnownFileType = sourcecode.c.h; path = BillRevisionTableViewController.h; sourceTree = "<group>"; };
		F40798981949B70900CCCC88 /* BillRevisionTableViewController.m */ = {isa = PBXFileReference; fileEncoding = 4; lastKnownFileType = sourcecode.c.objc; path = BillRevisionTableViewController.m; sourceTree = "<group>"; };
		F407989A1949CF0F00CCCC88 /* EditableItem.h */ = {isa = PBXFileReference; fileEncoding = 4; lastKnownFileType = sourcecode.c.h; path = EditableItem.h; sourceTree = "<group>"; };
		F407989B1949CF0F00CCCC88 /* EditableItem.m */ = {isa = PBXFileReference; fileEncoding = 4; lastKnownFileType = sourcecode.c.objc; path = EditableItem.m; sourceTree = "<group>"; };
		F407989D1949DC7E00CCCC88 /* ItemEditingViewController.h */ = {isa = PBXFileReference; fileEncoding = 4; lastKnownFileType = sourcecode.c.h; path = ItemEditingViewController.h; sourceTree = "<group>"; };
		F407989E1949DC7E00CCCC88 /* ItemEditingViewController.m */ = {isa = PBXFileReference; fileEncoding = 4; lastKnownFileType = sourcecode.c.objc; path = ItemEditingViewController.m; sourceTree = "<group>"; };
		F40798A0194B1A1500CCCC88 /* ViewHelper.h */ = {isa = PBXFileReference; fileEncoding = 4; lastKnownFileType = sourcecode.c.h; path = ViewHelper.h; sourceTree = "<group>"; };
		F40798A1194B1A1500CCCC88 /* ViewHelper.m */ = {isa = PBXFileReference; fileEncoding = 4; lastKnownFileType = sourcecode.c.objc; path = ViewHelper.m; sourceTree = "<group>"; };
		F41A4619194EEFCB0075174D /* iconImageBill.png */ = {isa = PBXFileReference; lastKnownFileType = image.png; path = iconImageBill.png; sourceTree = "<group>"; };
		F41A461D194EF8750075174D /* exampleBillPicture2.png */ = {isa = PBXFileReference; lastKnownFileType = image.png; path = exampleBillPicture2.png; sourceTree = "<group>"; };
		F421B4DA193C71F20004FB6E /* PersonCircleView.h */ = {isa = PBXFileReference; fileEncoding = 4; lastKnownFileType = sourcecode.c.h; path = PersonCircleView.h; sourceTree = "<group>"; };
		F421B4DB193C71F20004FB6E /* PersonCircleView.m */ = {isa = PBXFileReference; fileEncoding = 4; lastKnownFileType = sourcecode.c.objc; path = PersonCircleView.m; sourceTree = "<group>"; };
		F42EC84C1934AB33009798B5 /* BillSplitSwipeViewController.h */ = {isa = PBXFileReference; fileEncoding = 4; lastKnownFileType = sourcecode.c.h; path = BillSplitSwipeViewController.h; sourceTree = "<group>"; };
		F42EC84D1934AB33009798B5 /* BillSplitSwipeViewController.m */ = {isa = PBXFileReference; fileEncoding = 4; lastKnownFileType = sourcecode.c.objc; path = BillSplitSwipeViewController.m; sourceTree = "<group>"; };
		F42EC8521934ACB5009798B5 /* SwipeArticleView.h */ = {isa = PBXFileReference; fileEncoding = 4; lastKnownFileType = sourcecode.c.h; path = SwipeArticleView.h; sourceTree = "<group>"; };
		F42EC8531934ACB5009798B5 /* SwipeArticleView.m */ = {isa = PBXFileReference; fileEncoding = 4; lastKnownFileType = sourcecode.c.objc; path = SwipeArticleView.m; sourceTree = "<group>"; };
		F42EC8551934B0C6009798B5 /* BillSplitViewController.h */ = {isa = PBXFileReference; fileEncoding = 4; lastKnownFileType = sourcecode.c.h; path = BillSplitViewController.h; sourceTree = "<group>"; };
		F42EC8561934B0C6009798B5 /* BillSplitViewController.m */ = {isa = PBXFileReference; fileEncoding = 4; lastKnownFileType = sourcecode.c.objc; path = BillSplitViewController.m; sourceTree = "<group>"; };
		F4311EA719583F5800B6332A /* DETAnimatedTransitioning.h */ = {isa = PBXFileReference; fileEncoding = 4; lastKnownFileType = sourcecode.c.h; path = DETAnimatedTransitioning.h; sourceTree = "<group>"; };
		F4311EA819583F5800B6332A /* DETAnimatedTransitioning.m */ = {isa = PBXFileReference; fileEncoding = 4; lastKnownFileType = sourcecode.c.objc; path = DETAnimatedTransitioning.m; sourceTree = "<group>"; };
		F4311EAD195963D600B6332A /* PersonArticleTableViewController.h */ = {isa = PBXFileReference; fileEncoding = 4; lastKnownFileType = sourcecode.c.h; path = PersonArticleTableViewController.h; sourceTree = "<group>"; };
		F4311EAE195963D600B6332A /* PersonArticleTableViewController.m */ = {isa = PBXFileReference; fileEncoding = 4; lastKnownFileType = sourcecode.c.objc; path = PersonArticleTableViewController.m; sourceTree = "<group>"; };
		F4311EB019596BBA00B6332A /* ArticleListTableViewCell.h */ = {isa = PBXFileReference; fileEncoding = 4; lastKnownFileType = sourcecode.c.h; path = ArticleListTableViewCell.h; sourceTree = "<group>"; };
		F4311EB119596BBB00B6332A /* ArticleListTableViewCell.m */ = {isa = PBXFileReference; fileEncoding = 4; lastKnownFileType = sourcecode.c.objc; path = ArticleListTableViewCell.m; sourceTree = "<group>"; };
		F4311EB3195970F800B6332A /* ArticleListTableView.h */ = {isa = PBXFileReference; fileEncoding = 4; lastKnownFileType = sourcecode.c.h; path = ArticleListTableView.h; sourceTree = "<group>"; };
		F4311EB4195970F800B6332A /* ArticleListTableView.m */ = {isa = PBXFileReference; fileEncoding = 4; lastKnownFileType = sourcecode.c.objc; path = ArticleListTableView.m; sourceTree = "<group>"; };
		F4311EB61959C2A800B6332A /* BillSplitCollectionViewController.h */ = {isa = PBXFileReference; fileEncoding = 4; lastKnownFileType = sourcecode.c.h; path = BillSplitCollectionViewController.h; sourceTree = "<group>"; };
		F4311EB71959C2A800B6332A /* BillSplitCollectionViewController.m */ = {isa = PBXFileReference; fileEncoding = 4; lastKnownFileType = sourcecode.c.objc; path = BillSplitCollectionViewController.m; sourceTree = "<group>"; };
		F4311EB91959D0DD00B6332A /* ItemSectionHeader.h */ = {isa = PBXFileReference; fileEncoding = 4; lastKnownFileType = sourcecode.c.h; path = ItemSectionHeader.h; sourceTree = "<group>"; };
		F4311EBA1959D0DD00B6332A /* ItemSectionHeader.m */ = {isa = PBXFileReference; fileEncoding = 4; lastKnownFileType = sourcecode.c.objc; path = ItemSectionHeader.m; sourceTree = "<group>"; };
		F4311EBC1959E02900B6332A /* ItemCollectionViewCell.h */ = {isa = PBXFileReference; fileEncoding = 4; lastKnownFileType = sourcecode.c.h; path = ItemCollectionViewCell.h; sourceTree = "<group>"; };
		F4311EBD1959E02900B6332A /* ItemCollectionViewCell.m */ = {isa = PBXFileReference; fileEncoding = 4; lastKnownFileType = sourcecode.c.objc; path = ItemCollectionViewCell.m; sourceTree = "<group>"; };
		F43CBB19197A8BD3001A848A /* BillTextToBillObjectConverter.h */ = {isa = PBXFileReference; fileEncoding = 4; lastKnownFileType = sourcecode.c.h; path = BillTextToBillObjectConverter.h; sourceTree = "<group>"; };
		F43CBB1A197A8BD3001A848A /* BillTextToBillObjectConverter.m */ = {isa = PBXFileReference; fileEncoding = 4; lastKnownFileType = sourcecode.c.objc; path = BillTextToBillObjectConverter.m; sourceTree = "<group>"; };
		F44BBC5319A1181D002311FE /* DefinedColors.h */ = {isa = PBXFileReference; fileEncoding = 4; lastKnownFileType = sourcecode.c.h; path = DefinedColors.h; sourceTree = "<group>"; };
		F44BBC5419A1181E002311FE /* DefinedColors.m */ = {isa = PBXFileReference; fileEncoding = 4; lastKnownFileType = sourcecode.c.objc; path = DefinedColors.m; sourceTree = "<group>"; };
		F4744C05197EB30000A55A8A /* NormalizableImage.h */ = {isa = PBXFileReference; fileEncoding = 4; lastKnownFileType = sourcecode.c.h; path = NormalizableImage.h; sourceTree = "<group>"; };
		F4744C06197EB30100A55A8A /* NormalizableImage.m */ = {isa = PBXFileReference; fileEncoding = 4; lastKnownFileType = sourcecode.c.objc; path = NormalizableImage.m; sourceTree = "<group>"; };
		F4744C0819851D4D00A55A8A /* CropCircle.h */ = {isa = PBXFileReference; fileEncoding = 4; lastKnownFileType = sourcecode.c.h; path = CropCircle.h; sourceTree = "<group>"; };
		F4744C0919851D4D00A55A8A /* CropCircle.m */ = {isa = PBXFileReference; fileEncoding = 4; lastKnownFileType = sourcecode.c.objc; path = CropCircle.m; sourceTree = "<group>"; };
		F4744C0B19864D5000A55A8A /* beerIcon.png */ = {isa = PBXFileReference; lastKnownFileType = image.png; path = beerIcon.png; sourceTree = "<group>"; };
		F4744C0C19864D5000A55A8A /* waterIcon.png */ = {isa = PBXFileReference; lastKnownFileType = image.png; path = waterIcon.png; sourceTree = "<group>"; };
		F4744C1A198D252900A55A8A /* arrowDownIcon.png */ = {isa = PBXFileReference; lastKnownFileType = image.png; path = arrowDownIcon.png; sourceTree = "<group>"; };
		F4744C1E198D271B00A55A8A /* arrowUpIcon.png */ = {isa = PBXFileReference; lastKnownFileType = image.png; path = arrowUpIcon.png; sourceTree = "<group>"; };
		F4881BF0199E4516005ACA2F /* BillSplitCustomViewController.h */ = {isa = PBXFileReference; fileEncoding = 4; lastKnownFileType = sourcecode.c.h; path = BillSplitCustomViewController.h; sourceTree = "<group>"; };
		F4881BF1199E4516005ACA2F /* BillSplitCustomViewController.m */ = {isa = PBXFileReference; fileEncoding = 4; lastKnownFileType = sourcecode.c.objc; path = BillSplitCustomViewController.m; sourceTree = "<group>"; };
		F4881BF3199E4F9F005ACA2F /* PersonCustomView.h */ = {isa = PBXFileReference; fileEncoding = 4; lastKnownFileType = sourcecode.c.h; path = PersonCustomView.h; sourceTree = "<group>"; };
		F4881BF4199E4FA0005ACA2F /* PersonCustomView.m */ = {isa = PBXFileReference; fileEncoding = 4; lastKnownFileType = sourcecode.c.objc; path = PersonCustomView.m; sourceTree = "<group>"; };
		F4881BF6199E527E005ACA2F /* ItemCustomView.h */ = {isa = PBXFileReference; fileEncoding = 4; lastKnownFileType = sourcecode.c.h; path = ItemCustomView.h; sourceTree = "<group>"; };
		F4881BF7199E527E005ACA2F /* ItemCustomView.m */ = {isa = PBXFileReference; fileEncoding = 4; lastKnownFileType = sourcecode.c.objc; path = ItemCustomView.m; sourceTree = "<group>"; };
		F4DE2A631932042A0043CCE2 /* NumOfPeopleViewController.h */ = {isa = PBXFileReference; fileEncoding = 4; lastKnownFileType = sourcecode.c.h; path = NumOfPeopleViewController.h; sourceTree = "<group>"; };
		F4DE2A641932042A0043CCE2 /* NumOfPeopleViewController.m */ = {isa = PBXFileReference; fileEncoding = 4; lastKnownFileType = sourcecode.c.objc; path = NumOfPeopleViewController.m; sourceTree = "<group>"; };
		F4DE2A66193347BA0043CCE2 /* PersonArticleCollectionViewController.h */ = {isa = PBXFileReference; fileEncoding = 4; lastKnownFileType = sourcecode.c.h; path = PersonArticleCollectionViewController.h; sourceTree = "<group>"; };
		F4DE2A67193347BA0043CCE2 /* PersonArticleCollectionViewController.m */ = {isa = PBXFileReference; fileEncoding = 4; lastKnownFileType = sourcecode.c.objc; path = PersonArticleCollectionViewController.m; sourceTree = "<group>"; };
		F4DE2A6919336FAE0043CCE2 /* ArticleListTextView.h */ = {isa = PBXFileReference; fileEncoding = 4; lastKnownFileType = sourcecode.c.h; path = ArticleListTextView.h; sourceTree = "<group>"; };
		F4DE2A6A19336FAE0043CCE2 /* ArticleListTextView.m */ = {isa = PBXFileReference; fileEncoding = 4; lastKnownFileType = sourcecode.c.objc; path = ArticleListTextView.m; sourceTree = "<group>"; };
		F4DE2A6F193370E40043CCE2 /* ArticleListCollectionViewCell.h */ = {isa = PBXFileReference; fileEncoding = 4; lastKnownFileType = sourcecode.c.h; path = ArticleListCollectionViewCell.h; sourceTree = "<group>"; };
		F4DE2A70193370E40043CCE2 /* ArticleListCollectionViewCell.m */ = {isa = PBXFileReference; fileEncoding = 4; lastKnownFileType = sourcecode.c.objc; path = ArticleListCollectionViewCell.m; sourceTree = "<group>"; };
		F4E775C51919430F0036FEB5 /* Bill.h */ = {isa = PBXFileReference; fileEncoding = 4; lastKnownFileType = sourcecode.c.h; name = Bill.h; path = Model/Bill.h; sourceTree = "<group>"; };
		F4E775C61919430F0036FEB5 /* Bill.m */ = {isa = PBXFileReference; fileEncoding = 4; lastKnownFileType = sourcecode.c.objc; name = Bill.m; path = Model/Bill.m; sourceTree = "<group>"; };
		F4E775C819194B140036FEB5 /* Item.h */ = {isa = PBXFileReference; fileEncoding = 4; lastKnownFileType = sourcecode.c.h; name = Item.h; path = Model/Item.h; sourceTree = "<group>"; };
		F4E775C919194B140036FEB5 /* Item.m */ = {isa = PBXFileReference; fileEncoding = 4; lastKnownFileType = sourcecode.c.objc; name = Item.m; path = Model/Item.m; sourceTree = "<group>"; };
		F4E775CB191F9B270036FEB5 /* BillSplitTableViewController.h */ = {isa = PBXFileReference; fileEncoding = 4; lastKnownFileType = sourcecode.c.h; path = BillSplitTableViewController.h; sourceTree = "<group>"; };
		F4E775CC191F9B270036FEB5 /* BillSplitTableViewController.m */ = {isa = PBXFileReference; fileEncoding = 4; lastKnownFileType = sourcecode.c.objc; path = BillSplitTableViewController.m; sourceTree = "<group>"; };
		F4E775D7191FCF8E0036FEB5 /* BillTableView.h */ = {isa = PBXFileReference; fileEncoding = 4; lastKnownFileType = sourcecode.c.h; path = BillTableView.h; sourceTree = "<group>"; };
		F4E775D8191FCF8E0036FEB5 /* BillTableView.m */ = {isa = PBXFileReference; fileEncoding = 4; lastKnownFileType = sourcecode.c.objc; path = BillTableView.m; sourceTree = "<group>"; };
		F4E775DA191FCFAB0036FEB5 /* PersonTableView.h */ = {isa = PBXFileReference; fileEncoding = 4; lastKnownFileType = sourcecode.c.h; path = PersonTableView.h; sourceTree = "<group>"; };
		F4E775DB191FCFAB0036FEB5 /* PersonTableView.m */ = {isa = PBXFileReference; fileEncoding = 4; lastKnownFileType = sourcecode.c.objc; path = PersonTableView.m; sourceTree = "<group>"; };
		F4F266671915134E001D0F93 /* BillReader.app */ = {isa = PBXFileReference; explicitFileType = wrapper.application; includeInIndex = 0; path = BillReader.app; sourceTree = BUILT_PRODUCTS_DIR; };
		F4F2666A1915134E001D0F93 /* Foundation.framework */ = {isa = PBXFileReference; lastKnownFileType = wrapper.framework; name = Foundation.framework; path = System/Library/Frameworks/Foundation.framework; sourceTree = SDKROOT; };
		F4F2666C1915134E001D0F93 /* CoreGraphics.framework */ = {isa = PBXFileReference; lastKnownFileType = wrapper.framework; name = CoreGraphics.framework; path = System/Library/Frameworks/CoreGraphics.framework; sourceTree = SDKROOT; };
		F4F2666E1915134E001D0F93 /* UIKit.framework */ = {isa = PBXFileReference; lastKnownFileType = wrapper.framework; name = UIKit.framework; path = System/Library/Frameworks/UIKit.framework; sourceTree = SDKROOT; };
		F4F266721915134E001D0F93 /* BillReader-Info.plist */ = {isa = PBXFileReference; lastKnownFileType = text.plist.xml; path = "BillReader-Info.plist"; sourceTree = "<group>"; };
		F4F266741915134E001D0F93 /* en */ = {isa = PBXFileReference; lastKnownFileType = text.plist.strings; name = en; path = en.lproj/InfoPlist.strings; sourceTree = "<group>"; };
		F4F266761915134E001D0F93 /* main.m */ = {isa = PBXFileReference; lastKnownFileType = sourcecode.c.objc; path = main.m; sourceTree = "<group>"; };
		F4F266781915134E001D0F93 /* BillReader-Prefix.pch */ = {isa = PBXFileReference; lastKnownFileType = sourcecode.c.h; path = "BillReader-Prefix.pch"; sourceTree = "<group>"; };
		F4F266791915134E001D0F93 /* BillReaderAppDelegate.h */ = {isa = PBXFileReference; lastKnownFileType = sourcecode.c.h; path = BillReaderAppDelegate.h; sourceTree = "<group>"; };
		F4F2667A1915134E001D0F93 /* BillReaderAppDelegate.m */ = {isa = PBXFileReference; lastKnownFileType = sourcecode.c.objc; path = BillReaderAppDelegate.m; sourceTree = "<group>"; };
		F4F2667D1915134E001D0F93 /* Base */ = {isa = PBXFileReference; lastKnownFileType = file.storyboard; name = Base; path = Base.lproj/Main_iPhone.storyboard; sourceTree = "<group>"; };
		F4F266801915134E001D0F93 /* Base */ = {isa = PBXFileReference; lastKnownFileType = file.storyboard; name = Base; path = Base.lproj/Main_iPad.storyboard; sourceTree = "<group>"; };
		F4F266821915134E001D0F93 /* BillReaderViewController.h */ = {isa = PBXFileReference; lastKnownFileType = sourcecode.c.h; path = BillReaderViewController.h; sourceTree = "<group>"; };
		F4F266831915134E001D0F93 /* BillReaderViewController.m */ = {isa = PBXFileReference; lastKnownFileType = sourcecode.c.objc; path = BillReaderViewController.m; sourceTree = "<group>"; };
		F4F266851915134E001D0F93 /* Images.xcassets */ = {isa = PBXFileReference; lastKnownFileType = folder.assetcatalog; path = Images.xcassets; sourceTree = "<group>"; };
		F4F2668B1915134E001D0F93 /* BillReaderTests.xctest */ = {isa = PBXFileReference; explicitFileType = wrapper.cfbundle; includeInIndex = 0; path = BillReaderTests.xctest; sourceTree = BUILT_PRODUCTS_DIR; };
		F4F2668C1915134E001D0F93 /* XCTest.framework */ = {isa = PBXFileReference; lastKnownFileType = wrapper.framework; name = XCTest.framework; path = Library/Frameworks/XCTest.framework; sourceTree = DEVELOPER_DIR; };
		F4F266941915134E001D0F93 /* BillReaderTests-Info.plist */ = {isa = PBXFileReference; lastKnownFileType = text.plist.xml; path = "BillReaderTests-Info.plist"; sourceTree = "<group>"; };
		F4F266961915134E001D0F93 /* en */ = {isa = PBXFileReference; lastKnownFileType = text.plist.strings; name = en; path = en.lproj/InfoPlist.strings; sourceTree = "<group>"; };
		F4F266981915134E001D0F93 /* BillReaderTests.m */ = {isa = PBXFileReference; lastKnownFileType = sourcecode.c.objc; path = BillReaderTests.m; sourceTree = "<group>"; };
		F4F266A21915147E001D0F93 /* TesseractOCR.framework */ = {isa = PBXFileReference; lastKnownFileType = wrapper.framework; path = TesseractOCR.framework; sourceTree = "<group>"; };
		F4F266A4191515C3001D0F93 /* libstdc++.6.0.9.dylib */ = {isa = PBXFileReference; lastKnownFileType = "compiled.mach-o.dylib"; name = "libstdc++.6.0.9.dylib"; path = "usr/lib/libstdc++.6.0.9.dylib"; sourceTree = SDKROOT; };
		F4F266AF191517D1001D0F93 /* tessdata */ = {isa = PBXFileReference; lastKnownFileType = folder; name = tessdata; path = "../../Downloads/Tesseract-OCR-iOS-master/Template Framework Project/Template Framework Project/tessdata"; sourceTree = "<group>"; };
		F4F266B119151945001D0F93 /* rechnung1.jpg */ = {isa = PBXFileReference; lastKnownFileType = image.jpeg; name = rechnung1.jpg; path = ../../Downloads/rechnung1.jpg; sourceTree = "<group>"; };
		F4F266B319152712001D0F93 /* rechnung2.jpg */ = {isa = PBXFileReference; lastKnownFileType = image.jpeg; name = rechnung2.jpg; path = ../../Downloads/rechnung2.jpg; sourceTree = "<group>"; };
/* End PBXFileReference section */

/* Begin PBXFrameworksBuildPhase section */
		F4F266641915134E001D0F93 /* Frameworks */ = {
			isa = PBXFrameworksBuildPhase;
			buildActionMask = 2147483647;
			files = (
				F4F266A5191515C3001D0F93 /* libstdc++.6.0.9.dylib in Frameworks */,
				F4F266A31915147E001D0F93 /* TesseractOCR.framework in Frameworks */,
				F4F2666D1915134E001D0F93 /* CoreGraphics.framework in Frameworks */,
				F4F2666F1915134E001D0F93 /* UIKit.framework in Frameworks */,
				F4F2666B1915134E001D0F93 /* Foundation.framework in Frameworks */,
			);
			runOnlyForDeploymentPostprocessing = 0;
		};
		F4F266881915134E001D0F93 /* Frameworks */ = {
			isa = PBXFrameworksBuildPhase;
			buildActionMask = 2147483647;
			files = (
				F4F2668D1915134E001D0F93 /* XCTest.framework in Frameworks */,
				F4F2668F1915134E001D0F93 /* UIKit.framework in Frameworks */,
				F4F2668E1915134E001D0F93 /* Foundation.framework in Frameworks */,
			);
			runOnlyForDeploymentPostprocessing = 0;
		};
/* End PBXFrameworksBuildPhase section */

/* Begin PBXGroup section */
		F42EC8591934B15A009798B5 /* ViewControllers */ = {
			isa = PBXGroup;
			children = (
				F407989D1949DC7E00CCCC88 /* ItemEditingViewController.h */,
				F407989E1949DC7E00CCCC88 /* ItemEditingViewController.m */,
				F40798971949B70900CCCC88 /* BillRevisionTableViewController.h */,
				F40798981949B70900CCCC88 /* BillRevisionTableViewController.m */,
				F4311EAD195963D600B6332A /* PersonArticleTableViewController.h */,
				F4311EAE195963D600B6332A /* PersonArticleTableViewController.m */,
				F4DE2A66193347BA0043CCE2 /* PersonArticleCollectionViewController.h */,
				F4DE2A67193347BA0043CCE2 /* PersonArticleCollectionViewController.m */,
				F4DE2A631932042A0043CCE2 /* NumOfPeopleViewController.h */,
				F4DE2A641932042A0043CCE2 /* NumOfPeopleViewController.m */,
				F4047A6D19648D7D00569C15 /* CropImageViewController.h */,
				F4047A6E19648D7D00569C15 /* CropImageViewController.m */,
				F4881BF0199E4516005ACA2F /* BillSplitCustomViewController.h */,
				F4881BF1199E4516005ACA2F /* BillSplitCustomViewController.m */,
				F42EC84C1934AB33009798B5 /* BillSplitSwipeViewController.h */,
				F42EC84D1934AB33009798B5 /* BillSplitSwipeViewController.m */,
				F4E775CB191F9B270036FEB5 /* BillSplitTableViewController.h */,
				F4E775CC191F9B270036FEB5 /* BillSplitTableViewController.m */,
				F4311EB61959C2A800B6332A /* BillSplitCollectionViewController.h */,
				F4311EB71959C2A800B6332A /* BillSplitCollectionViewController.m */,
				F42EC8551934B0C6009798B5 /* BillSplitViewController.h */,
				F42EC8561934B0C6009798B5 /* BillSplitViewController.m */,
				F4F266821915134E001D0F93 /* BillReaderViewController.h */,
				F4F266831915134E001D0F93 /* BillReaderViewController.m */,
				F43CBB19197A8BD3001A848A /* BillTextToBillObjectConverter.h */,
				F43CBB1A197A8BD3001A848A /* BillTextToBillObjectConverter.m */,
			);
			name = ViewControllers;
			sourceTree = "<group>";
		};
		F42EC85A1934B17D009798B5 /* Views */ = {
			isa = PBXGroup;
			children = (
				F4047A7019654E7A00569C15 /* CropRectangleView.h */,
				F4047A7119654E7A00569C15 /* CropRectangleView.m */,
				F4744C0819851D4D00A55A8A /* CropCircle.h */,
				F4744C0919851D4D00A55A8A /* CropCircle.m */,
				F4047A6619630A8000569C15 /* NumberViewCell.h */,
				F4047A6719630A8000569C15 /* NumberViewCell.m */,
				F4311EBC1959E02900B6332A /* ItemCollectionViewCell.h */,
				F4311EBD1959E02900B6332A /* ItemCollectionViewCell.m */,
				F4881BF6199E527E005ACA2F /* ItemCustomView.h */,
				F4881BF7199E527E005ACA2F /* ItemCustomView.m */,
				F4311EB91959D0DD00B6332A /* ItemSectionHeader.h */,
				F4311EBA1959D0DD00B6332A /* ItemSectionHeader.m */,
				F4311EA719583F5800B6332A /* DETAnimatedTransitioning.h */,
				F4311EA819583F5800B6332A /* DETAnimatedTransitioning.m */,
				F40798A0194B1A1500CCCC88 /* ViewHelper.h */,
				F40798A1194B1A1500CCCC88 /* ViewHelper.m */,
				F421B4DA193C71F20004FB6E /* PersonCircleView.h */,
				F421B4DB193C71F20004FB6E /* PersonCircleView.m */,
				F4881BF3199E4F9F005ACA2F /* PersonCustomView.h */,
				F4881BF4199E4FA0005ACA2F /* PersonCustomView.m */,
				F42EC8521934ACB5009798B5 /* SwipeArticleView.h */,
				F42EC8531934ACB5009798B5 /* SwipeArticleView.m */,
				F4DE2A6F193370E40043CCE2 /* ArticleListCollectionViewCell.h */,
				F4DE2A70193370E40043CCE2 /* ArticleListCollectionViewCell.m */,
				F4311EB019596BBA00B6332A /* ArticleListTableViewCell.h */,
				F4311EB119596BBB00B6332A /* ArticleListTableViewCell.m */,
				F4DE2A6919336FAE0043CCE2 /* ArticleListTextView.h */,
				F4DE2A6A19336FAE0043CCE2 /* ArticleListTextView.m */,
				F4311EB3195970F800B6332A /* ArticleListTableView.h */,
				F4311EB4195970F800B6332A /* ArticleListTableView.m */,
				F4E775DA191FCFAB0036FEB5 /* PersonTableView.h */,
				F4E775DB191FCFAB0036FEB5 /* PersonTableView.m */,
				F4E775D7191FCF8E0036FEB5 /* BillTableView.h */,
				F4E775D8191FCF8E0036FEB5 /* BillTableView.m */,
				F4744C05197EB30000A55A8A /* NormalizableImage.h */,
				F4744C06197EB30100A55A8A /* NormalizableImage.m */,
			);
			name = Views;
			sourceTree = "<group>";
		};
		F42EC85B1934B193009798B5 /* Models */ = {
			isa = PBXGroup;
			children = (
				F4E775C819194B140036FEB5 /* Item.h */,
				F4E775C919194B140036FEB5 /* Item.m */,
				F407989A1949CF0F00CCCC88 /* EditableItem.h */,
				F407989B1949CF0F00CCCC88 /* EditableItem.m */,
				F4E775C51919430F0036FEB5 /* Bill.h */,
				F4E775C61919430F0036FEB5 /* Bill.m */,
				F44BBC5319A1181D002311FE /* DefinedColors.h */,
				F44BBC5419A1181E002311FE /* DefinedColors.m */,
			);
			name = Models;
			sourceTree = "<group>";
		};
		F4F2665E1915134E001D0F93 = {
			isa = PBXGroup;
			children = (
				F4F266701915134E001D0F93 /* BillReader */,
				F4F266B119151945001D0F93 /* rechnung1.jpg */,
				F4F266B319152712001D0F93 /* rechnung2.jpg */,
				F4744C1E198D271B00A55A8A /* arrowUpIcon.png */,
				F4744C1A198D252900A55A8A /* arrowDownIcon.png */,
				F41A461D194EF8750075174D /* exampleBillPicture2.png */,
				F41A4619194EEFCB0075174D /* iconImageBill.png */,
				F4744C0B19864D5000A55A8A /* beerIcon.png */,
				F4744C0C19864D5000A55A8A /* waterIcon.png */,
				F4F266AF191517D1001D0F93 /* tessdata */,
				F4F266921915134E001D0F93 /* BillReaderTests */,
				F4F266691915134E001D0F93 /* Frameworks */,
				F4F266681915134E001D0F93 /* Products */,
			);
			sourceTree = "<group>";
		};
		F4F266681915134E001D0F93 /* Products */ = {
			isa = PBXGroup;
			children = (
				F4F266671915134E001D0F93 /* BillReader.app */,
				F4F2668B1915134E001D0F93 /* BillReaderTests.xctest */,
			);
			name = Products;
			sourceTree = "<group>";
		};
		F4F266691915134E001D0F93 /* Frameworks */ = {
			isa = PBXGroup;
			children = (
				F4F266A4191515C3001D0F93 /* libstdc++.6.0.9.dylib */,
				F4F266A21915147E001D0F93 /* TesseractOCR.framework */,
				F4F2666A1915134E001D0F93 /* Foundation.framework */,
				F4F2666C1915134E001D0F93 /* CoreGraphics.framework */,
				F4F2666E1915134E001D0F93 /* UIKit.framework */,
				F4F2668C1915134E001D0F93 /* XCTest.framework */,
			);
			name = Frameworks;
			sourceTree = "<group>";
		};
		F4F266701915134E001D0F93 /* BillReader */ = {
			isa = PBXGroup;
			children = (
				F4047A6B196479E200569C15 /* monster_icons */,
				F42EC85B1934B193009798B5 /* Models */,
				F42EC85A1934B17D009798B5 /* Views */,
				F42EC8591934B15A009798B5 /* ViewControllers */,
				F4F266791915134E001D0F93 /* BillReaderAppDelegate.h */,
				F4F2667A1915134E001D0F93 /* BillReaderAppDelegate.m */,
				F4F2667F1915134E001D0F93 /* Main_iPad.storyboard */,
				F4F2667C1915134E001D0F93 /* Main_iPhone.storyboard */,
				F4F266851915134E001D0F93 /* Images.xcassets */,
				F4F266711915134E001D0F93 /* Supporting Files */,
			);
			path = BillReader;
			sourceTree = "<group>";
		};
		F4F266711915134E001D0F93 /* Supporting Files */ = {
			isa = PBXGroup;
			children = (
				F4F266721915134E001D0F93 /* BillReader-Info.plist */,
				F4F266731915134E001D0F93 /* InfoPlist.strings */,
				F4F266761915134E001D0F93 /* main.m */,
				F4F266781915134E001D0F93 /* BillReader-Prefix.pch */,
			);
			name = "Supporting Files";
			sourceTree = "<group>";
		};
		F4F266921915134E001D0F93 /* BillReaderTests */ = {
			isa = PBXGroup;
			children = (
				F4F266981915134E001D0F93 /* BillReaderTests.m */,
				F4F266931915134E001D0F93 /* Supporting Files */,
			);
			path = BillReaderTests;
			sourceTree = "<group>";
		};
		F4F266931915134E001D0F93 /* Supporting Files */ = {
			isa = PBXGroup;
			children = (
				F4F266941915134E001D0F93 /* BillReaderTests-Info.plist */,
				F4F266951915134E001D0F93 /* InfoPlist.strings */,
			);
			name = "Supporting Files";
			sourceTree = "<group>";
		};
/* End PBXGroup section */

/* Begin PBXNativeTarget section */
		F4F266661915134E001D0F93 /* BillReader */ = {
			isa = PBXNativeTarget;
			buildConfigurationList = F4F2669C1915134E001D0F93 /* Build configuration list for PBXNativeTarget "BillReader" */;
			buildPhases = (
				F4F266631915134E001D0F93 /* Sources */,
				F4F266641915134E001D0F93 /* Frameworks */,
				F4F266651915134E001D0F93 /* Resources */,
			);
			buildRules = (
			);
			dependencies = (
			);
			name = BillReader;
			productName = BillReader;
			productReference = F4F266671915134E001D0F93 /* BillReader.app */;
			productType = "com.apple.product-type.application";
		};
		F4F2668A1915134E001D0F93 /* BillReaderTests */ = {
			isa = PBXNativeTarget;
			buildConfigurationList = F4F2669F1915134E001D0F93 /* Build configuration list for PBXNativeTarget "BillReaderTests" */;
			buildPhases = (
				F4F266871915134E001D0F93 /* Sources */,
				F4F266881915134E001D0F93 /* Frameworks */,
				F4F266891915134E001D0F93 /* Resources */,
			);
			buildRules = (
			);
			dependencies = (
				F4F266911915134E001D0F93 /* PBXTargetDependency */,
			);
			name = BillReaderTests;
			productName = BillReaderTests;
			productReference = F4F2668B1915134E001D0F93 /* BillReaderTests.xctest */;
			productType = "com.apple.product-type.bundle.unit-test";
		};
/* End PBXNativeTarget section */

/* Begin PBXProject section */
		F4F2665F1915134E001D0F93 /* Project object */ = {
			isa = PBXProject;
			attributes = {
				CLASSPREFIX = BillReader;
				LastUpgradeCheck = 0510;
				ORGANIZATIONNAME = "Simon Mary";
				TargetAttributes = {
					F4F266661915134E001D0F93 = {
						DevelopmentTeam = 7H2GCBP8ZT;
					};
					F4F2668A1915134E001D0F93 = {
						TestTargetID = F4F266661915134E001D0F93;
					};
				};
			};
			buildConfigurationList = F4F266621915134E001D0F93 /* Build configuration list for PBXProject "BillReader" */;
			compatibilityVersion = "Xcode 3.2";
			developmentRegion = English;
			hasScannedForEncodings = 0;
			knownRegions = (
				en,
				Base,
			);
			mainGroup = F4F2665E1915134E001D0F93;
			productRefGroup = F4F266681915134E001D0F93 /* Products */;
			projectDirPath = "";
			projectRoot = "";
			targets = (
				F4F266661915134E001D0F93 /* BillReader */,
				F4F2668A1915134E001D0F93 /* BillReaderTests */,
			);
		};
/* End PBXProject section */

/* Begin PBXResourcesBuildPhase section */
		F4F266651915134E001D0F93 /* Resources */ = {
			isa = PBXResourcesBuildPhase;
			buildActionMask = 2147483647;
			files = (
				F4F266811915134E001D0F93 /* Main_iPad.storyboard in Resources */,
				F41A461A194EEFCB0075174D /* iconImageBill.png in Resources */,
				F41A461E194EF8750075174D /* exampleBillPicture2.png in Resources */,
				F4F266861915134E001D0F93 /* Images.xcassets in Resources */,
				F4047A6C196479E200569C15 /* monster_icons in Resources */,
				F4F266B0191517D1001D0F93 /* tessdata in Resources */,
				F4F2667E1915134E001D0F93 /* Main_iPhone.storyboard in Resources */,
				F4F266751915134E001D0F93 /* InfoPlist.strings in Resources */,
				F4744C0E19864D5000A55A8A /* waterIcon.png in Resources */,
				F4F266B219151945001D0F93 /* rechnung1.jpg in Resources */,
				F4744C1F198D271B00A55A8A /* arrowUpIcon.png in Resources */,
				F4744C1B198D252900A55A8A /* arrowDownIcon.png in Resources */,
				F4744C0D19864D5000A55A8A /* beerIcon.png in Resources */,
				F4F266B419152712001D0F93 /* rechnung2.jpg in Resources */,
			);
			runOnlyForDeploymentPostprocessing = 0;
		};
		F4F266891915134E001D0F93 /* Resources */ = {
			isa = PBXResourcesBuildPhase;
			buildActionMask = 2147483647;
			files = (
				F4F266971915134E001D0F93 /* InfoPlist.strings in Resources */,
			);
			runOnlyForDeploymentPostprocessing = 0;
		};
/* End PBXResourcesBuildPhase section */

/* Begin PBXSourcesBuildPhase section */
		F4F266631915134E001D0F93 /* Sources */ = {
			isa = PBXSourcesBuildPhase;
			buildActionMask = 2147483647;
			files = (
				F4311EA919583F5800B6332A /* DETAnimatedTransitioning.m in Sources */,
				F4311EBB1959D0DD00B6332A /* ItemSectionHeader.m in Sources */,
				F4047A7219654E7A00569C15 /* CropRectangleView.m in Sources */,
				F4DE2A6B19336FAE0043CCE2 /* ArticleListTextView.m in Sources */,
				F421B4DC193C71F20004FB6E /* PersonCircleView.m in Sources */,
				F4311EBE1959E02900B6332A /* ItemCollectionViewCell.m in Sources */,
				F42EC8571934B0C6009798B5 /* BillSplitViewController.m in Sources */,
				F4311EB219596BBB00B6332A /* ArticleListTableViewCell.m in Sources */,
				F4E775C71919430F0036FEB5 /* Bill.m in Sources */,
				F4311EAF195963D600B6332A /* PersonArticleTableViewController.m in Sources */,
				F4744C0A19851D4D00A55A8A /* CropCircle.m in Sources */,
				F42EC8541934ACB5009798B5 /* SwipeArticleView.m in Sources */,
				F40798991949B70900CCCC88 /* BillRevisionTableViewController.m in Sources */,
				F4DE2A651932042A0043CCE2 /* NumOfPeopleViewController.m in Sources */,
				F4E775CD191F9B270036FEB5 /* BillSplitTableViewController.m in Sources */,
				F4F2667B1915134E001D0F93 /* BillReaderAppDelegate.m in Sources */,
				F4311EB5195970F800B6332A /* ArticleListTableView.m in Sources */,
				F4DE2A71193370E40043CCE2 /* ArticleListCollectionViewCell.m in Sources */,
				F4744C07197EB30100A55A8A /* NormalizableImage.m in Sources */,
				F4047A6F19648D7D00569C15 /* CropImageViewController.m in Sources */,
				F40798A2194B1A1500CCCC88 /* ViewHelper.m in Sources */,
				F4F266771915134E001D0F93 /* main.m in Sources */,
				F4881BF5199E4FA0005ACA2F /* PersonCustomView.m in Sources */,
				F4F266841915134E001D0F93 /* BillReaderViewController.m in Sources */,
				F4047A6819630A8000569C15 /* NumberViewCell.m in Sources */,
				F4DE2A68193347BA0043CCE2 /* PersonArticleCollectionViewController.m in Sources */,
				F44BBC5519A1181E002311FE /* DefinedColors.m in Sources */,
				F42EC84E1934AB33009798B5 /* BillSplitSwipeViewController.m in Sources */,
				F407989F1949DC7E00CCCC88 /* ItemEditingViewController.m in Sources */,
				F4881BF2199E4516005ACA2F /* BillSplitCustomViewController.m in Sources */,
				F407989C1949CF0F00CCCC88 /* EditableItem.m in Sources */,
				F4E775CA19194B140036FEB5 /* Item.m in Sources */,
				F43CBB1B197A8BD3001A848A /* BillTextToBillObjectConverter.m in Sources */,
				F4881BF8199E527E005ACA2F /* ItemCustomView.m in Sources */,
				F4311EB81959C2A800B6332A /* BillSplitCollectionViewController.m in Sources */,
				F4E775DC191FCFAB0036FEB5 /* PersonTableView.m in Sources */,
				F4E775D9191FCF8E0036FEB5 /* BillTableView.m in Sources */,
			);
			runOnlyForDeploymentPostprocessing = 0;
		};
		F4F266871915134E001D0F93 /* Sources */ = {
			isa = PBXSourcesBuildPhase;
			buildActionMask = 2147483647;
			files = (
				F4F266991915134E001D0F93 /* BillReaderTests.m in Sources */,
			);
			runOnlyForDeploymentPostprocessing = 0;
		};
/* End PBXSourcesBuildPhase section */

/* Begin PBXTargetDependency section */
		F4F266911915134E001D0F93 /* PBXTargetDependency */ = {
			isa = PBXTargetDependency;
			target = F4F266661915134E001D0F93 /* BillReader */;
			targetProxy = F4F266901915134E001D0F93 /* PBXContainerItemProxy */;
		};
/* End PBXTargetDependency section */

/* Begin PBXVariantGroup section */
		F4F266731915134E001D0F93 /* InfoPlist.strings */ = {
			isa = PBXVariantGroup;
			children = (
				F4F266741915134E001D0F93 /* en */,
			);
			name = InfoPlist.strings;
			sourceTree = "<group>";
		};
		F4F2667C1915134E001D0F93 /* Main_iPhone.storyboard */ = {
			isa = PBXVariantGroup;
			children = (
				F4F2667D1915134E001D0F93 /* Base */,
			);
			name = Main_iPhone.storyboard;
			sourceTree = "<group>";
		};
		F4F2667F1915134E001D0F93 /* Main_iPad.storyboard */ = {
			isa = PBXVariantGroup;
			children = (
				F4F266801915134E001D0F93 /* Base */,
			);
			name = Main_iPad.storyboard;
			sourceTree = "<group>";
		};
		F4F266951915134E001D0F93 /* InfoPlist.strings */ = {
			isa = PBXVariantGroup;
			children = (
				F4F266961915134E001D0F93 /* en */,
			);
			name = InfoPlist.strings;
			sourceTree = "<group>";
		};
/* End PBXVariantGroup section */

/* Begin XCBuildConfiguration section */
		F4F2669A1915134E001D0F93 /* Debug */ = {
			isa = XCBuildConfiguration;
			buildSettings = {
				ALWAYS_SEARCH_USER_PATHS = NO;
				CLANG_CXX_LANGUAGE_STANDARD = "gnu++0x";
				CLANG_CXX_LIBRARY = "libc++";
				CLANG_ENABLE_MODULES = YES;
				CLANG_ENABLE_OBJC_ARC = YES;
				CLANG_WARN_BOOL_CONVERSION = YES;
				CLANG_WARN_CONSTANT_CONVERSION = YES;
				CLANG_WARN_DIRECT_OBJC_ISA_USAGE = YES_ERROR;
				CLANG_WARN_EMPTY_BODY = YES;
				CLANG_WARN_ENUM_CONVERSION = YES;
				CLANG_WARN_INT_CONVERSION = YES;
				CLANG_WARN_OBJC_ROOT_CLASS = YES_ERROR;
				CLANG_WARN__DUPLICATE_METHOD_MATCH = YES;
				"CODE_SIGN_IDENTITY[sdk=iphoneos*]" = "iPhone Developer";
				COPY_PHASE_STRIP = NO;
				GCC_C_LANGUAGE_STANDARD = gnu99;
				GCC_DYNAMIC_NO_PIC = NO;
				GCC_OPTIMIZATION_LEVEL = 0;
				GCC_PREPROCESSOR_DEFINITIONS = (
					"DEBUG=1",
					"$(inherited)",
				);
				GCC_SYMBOLS_PRIVATE_EXTERN = NO;
				GCC_WARN_64_TO_32_BIT_CONVERSION = YES;
				GCC_WARN_ABOUT_RETURN_TYPE = YES_ERROR;
				GCC_WARN_UNDECLARED_SELECTOR = YES;
				GCC_WARN_UNINITIALIZED_AUTOS = YES_AGGRESSIVE;
				GCC_WARN_UNUSED_FUNCTION = YES;
				GCC_WARN_UNUSED_VARIABLE = YES;
				IPHONEOS_DEPLOYMENT_TARGET = 7.1;
				ONLY_ACTIVE_ARCH = YES;
				SDKROOT = iphoneos;
				TARGETED_DEVICE_FAMILY = "1,2";
			};
			name = Debug;
		};
		F4F2669B1915134E001D0F93 /* Release */ = {
			isa = XCBuildConfiguration;
			buildSettings = {
				ALWAYS_SEARCH_USER_PATHS = NO;
				CLANG_CXX_LANGUAGE_STANDARD = "gnu++0x";
				CLANG_CXX_LIBRARY = "libc++";
				CLANG_ENABLE_MODULES = YES;
				CLANG_ENABLE_OBJC_ARC = YES;
				CLANG_WARN_BOOL_CONVERSION = YES;
				CLANG_WARN_CONSTANT_CONVERSION = YES;
				CLANG_WARN_DIRECT_OBJC_ISA_USAGE = YES_ERROR;
				CLANG_WARN_EMPTY_BODY = YES;
				CLANG_WARN_ENUM_CONVERSION = YES;
				CLANG_WARN_INT_CONVERSION = YES;
				CLANG_WARN_OBJC_ROOT_CLASS = YES_ERROR;
				CLANG_WARN__DUPLICATE_METHOD_MATCH = YES;
				"CODE_SIGN_IDENTITY[sdk=iphoneos*]" = "iPhone Developer";
				COPY_PHASE_STRIP = YES;
				ENABLE_NS_ASSERTIONS = NO;
				GCC_C_LANGUAGE_STANDARD = gnu99;
				GCC_WARN_64_TO_32_BIT_CONVERSION = YES;
				GCC_WARN_ABOUT_RETURN_TYPE = YES_ERROR;
				GCC_WARN_UNDECLARED_SELECTOR = YES;
				GCC_WARN_UNINITIALIZED_AUTOS = YES_AGGRESSIVE;
				GCC_WARN_UNUSED_FUNCTION = YES;
				GCC_WARN_UNUSED_VARIABLE = YES;
				IPHONEOS_DEPLOYMENT_TARGET = 7.1;
				SDKROOT = iphoneos;
				TARGETED_DEVICE_FAMILY = "1,2";
				VALIDATE_PRODUCT = YES;
			};
			name = Release;
		};
		F4F2669D1915134E001D0F93 /* Debug */ = {
			isa = XCBuildConfiguration;
			buildSettings = {
				ASSETCATALOG_COMPILER_APPICON_NAME = AppIcon;
				ASSETCATALOG_COMPILER_LAUNCHIMAGE_NAME = LaunchImage;
				CLANG_CXX_LIBRARY = "compiler-default";
				CODE_SIGN_IDENTITY = "iPhone Developer: Simon Mary (G99XXQ8P67)";
				"CODE_SIGN_IDENTITY[sdk=iphoneos*]" = "iPhone Developer: Simon Mary (G99XXQ8P67)";
				FRAMEWORK_SEARCH_PATHS = (
					"$(inherited)",
					"$(PROJECT_DIR)",
				);
				GCC_PRECOMPILE_PREFIX_HEADER = YES;
				GCC_PREFIX_HEADER = "BillReader/BillReader-Prefix.pch";
				INFOPLIST_FILE = "BillReader/BillReader-Info.plist";
				OTHER_LDFLAGS = "-lstdc++";
				PRODUCT_NAME = "$(TARGET_NAME)";
				PROVISIONING_PROFILE = "43BA8187-F8A3-46CE-A79D-45199A8CF673";
				WRAPPER_EXTENSION = app;
			};
			name = Debug;
		};
		F4F2669E1915134E001D0F93 /* Release */ = {
			isa = XCBuildConfiguration;
			buildSettings = {
				ASSETCATALOG_COMPILER_APPICON_NAME = AppIcon;
				ASSETCATALOG_COMPILER_LAUNCHIMAGE_NAME = LaunchImage;
				CLANG_CXX_LIBRARY = "compiler-default";
				CODE_SIGN_IDENTITY = "iPhone Developer: Simon Mary (G99XXQ8P67)";
				"CODE_SIGN_IDENTITY[sdk=iphoneos*]" = "iPhone Developer: Simon Mary (G99XXQ8P67)";
				FRAMEWORK_SEARCH_PATHS = (
					"$(inherited)",
					"$(PROJECT_DIR)",
				);
				GCC_PRECOMPILE_PREFIX_HEADER = YES;
				GCC_PREFIX_HEADER = "BillReader/BillReader-Prefix.pch";
				INFOPLIST_FILE = "BillReader/BillReader-Info.plist";
				OTHER_LDFLAGS = "-lstdc++";
				PRODUCT_NAME = "$(TARGET_NAME)";
				PROVISIONING_PROFILE = "43BA8187-F8A3-46CE-A79D-45199A8CF673";
				WRAPPER_EXTENSION = app;
			};
			name = Release;
		};
		F4F266A01915134E001D0F93 /* Debug */ = {
			isa = XCBuildConfiguration;
			buildSettings = {
				BUNDLE_LOADER = "$(BUILT_PRODUCTS_DIR)/BillReader.app/BillReader";
				FRAMEWORK_SEARCH_PATHS = (
					"$(SDKROOT)/Developer/Library/Frameworks",
					"$(inherited)",
					"$(DEVELOPER_FRAMEWORKS_DIR)",
				);
				GCC_PRECOMPILE_PREFIX_HEADER = YES;
				GCC_PREFIX_HEADER = "BillReader/BillReader-Prefix.pch";
				GCC_PREPROCESSOR_DEFINITIONS = (
					"DEBUG=1",
					"$(inherited)",
				);
				INFOPLIST_FILE = "BillReaderTests/BillReaderTests-Info.plist";
				PRODUCT_NAME = "$(TARGET_NAME)";
				TEST_HOST = "$(BUNDLE_LOADER)";
				WRAPPER_EXTENSION = xctest;
			};
			name = Debug;
		};
		F4F266A11915134E001D0F93 /* Release */ = {
			isa = XCBuildConfiguration;
			buildSettings = {
				BUNDLE_LOADER = "$(BUILT_PRODUCTS_DIR)/BillReader.app/BillReader";
				FRAMEWORK_SEARCH_PATHS = (
					"$(SDKROOT)/Developer/Library/Frameworks",
					"$(inherited)",
					"$(DEVELOPER_FRAMEWORKS_DIR)",
				);
				GCC_PRECOMPILE_PREFIX_HEADER = YES;
				GCC_PREFIX_HEADER = "BillReader/BillReader-Prefix.pch";
				INFOPLIST_FILE = "BillReaderTests/BillReaderTests-Info.plist";
				PRODUCT_NAME = "$(TARGET_NAME)";
				TEST_HOST = "$(BUNDLE_LOADER)";
				WRAPPER_EXTENSION = xctest;
			};
			name = Release;
		};
/* End XCBuildConfiguration section */

/* Begin XCConfigurationList section */
		F4F266621915134E001D0F93 /* Build configuration list for PBXProject "BillReader" */ = {
			isa = XCConfigurationList;
			buildConfigurations = (
				F4F2669A1915134E001D0F93 /* Debug */,
				F4F2669B1915134E001D0F93 /* Release */,
			);
			defaultConfigurationIsVisible = 0;
			defaultConfigurationName = Release;
		};
		F4F2669C1915134E001D0F93 /* Build configuration list for PBXNativeTarget "BillReader" */ = {
			isa = XCConfigurationList;
			buildConfigurations = (
				F4F2669D1915134E001D0F93 /* Debug */,
				F4F2669E1915134E001D0F93 /* Release */,
			);
			defaultConfigurationIsVisible = 0;
			defaultConfigurationName = Release;
		};
		F4F2669F1915134E001D0F93 /* Build configuration list for PBXNativeTarget "BillReaderTests" */ = {
			isa = XCConfigurationList;
			buildConfigurations = (
				F4F266A01915134E001D0F93 /* Debug */,
				F4F266A11915134E001D0F93 /* Release */,
			);
			defaultConfigurationIsVisible = 0;
			defaultConfigurationName = Release;
		};
/* End XCConfigurationList section */
	};
	rootObject = F4F2665F1915134E001D0F93 /* Project object */;
}
